
Microsoft Visual Studio Solution File, Format Version 12.00
# Visual Studio 2013
VisualStudioVersion = 12.0.21005.1
MinimumVisualStudioVersion = 10.0.40219.1
Project("{FAE04EC0-301F-11D3-BF4B-00C04F79EFBC}") = "SportsStore.Domain", "SportsStore.Domain\SportsStore.Domain.csproj", "{754C7FF4-95D3-4589-B55E-692663B2A32C}"
EndProject
Project("{FAE04EC0-301F-11D3-BF4B-00C04F79EFBC}") = "SportsStore.WebUI", "SportsStore.WebUI\SportsStore.WebUI.csproj", "{93CCBD7A-D6FD-4558-8B27-707A723A4D4C}"
EndProject
Project("{FAE04EC0-301F-11D3-BF4B-00C04F79EFBC}") = "SportsStore.UnitTests", "SportsStore.UnitTests\SportsStore.UnitTests.csproj", "{34531BFE-C203-4142-B288-645FBFEADD5A}"
EndProject
Global
	GlobalSection(SolutionConfigurationPlatforms) = preSolution
		Debug|Any CPU = Debug|Any CPU
		Release|Any CPU = Release|Any CPU
	EndGlobalSection
	GlobalSection(ProjectConfigurationPlatforms) = postSolution
		{754C7FF4-95D3-4589-B55E-692663B2A32C}.Debug|Any CPU.ActiveCfg = Debug|Any CPU
		{754C7FF4-95D3-4589-B55E-692663B2A32C}.Debug|Any CPU.Build.0 = Debug|Any CPU
		{754C7FF4-95D3-4589-B55E-692663B2A32C}.Release|Any CPU.ActiveCfg = Release|Any CPU
		{754C7FF4-95D3-4589-B55E-692663B2A32C}.Release|Any CPU.Build.0 = Release|Any CPU
		{93CCBD7A-D6FD-4558-8B27-707A723A4D4C}.Debug|Any CPU.ActiveCfg = Debug|Any CPU
		{93CCBD7A-D6FD-4558-8B27-707A723A4D4C}.Debug|Any CPU.Build.0 = Debug|Any CPU
		{93CCBD7A-D6FD-4558-8B27-707A723A4D4C}.Release|Any CPU.ActiveCfg = Release|Any CPU
		{93CCBD7A-D6FD-4558-8B27-707A723A4D4C}.Release|Any CPU.Build.0 = Release|Any CPU
		{34531BFE-C203-4142-B288-645FBFEADD5A}.Debug|Any CPU.ActiveCfg = Debug|Any CPU
		{34531BFE-C203-4142-B288-645FBFEADD5A}.Debug|Any CPU.Build.0 = Debug|Any CPU
		{34531BFE-C203-4142-B288-645FBFEADD5A}.Release|Any CPU.ActiveCfg = Release|Any CPU
		{34531BFE-C203-4142-B288-645FBFEADD5A}.Release|Any CPU.Build.0 = Release|Any CPU
	EndGlobalSection
	GlobalSection(SolutionProperties) = preSolution
		HideSolutionNode = FALSE
	EndGlobalSection
EndGlobal
